<?xml version="1.0" encoding="utf-8"?>
<Project DefaultTargets="Build" ToolsVersion="4.0" xmlns="http://schemas.microsoft.com/developer/msbuild/2003">
  <PropertyGroup>
    <Configuration Condition=" '$(Configuration)' == '' ">Debug</Configuration>
    <Platform Condition=" '$(Platform)' == '' ">AnyCPU</Platform>
    <ProductVersion>10.0.0</ProductVersion>
    <SchemaVersion>2.0</SchemaVersion>
    <ProjectGuid>{189C21C4-9384-472A-BF37-7F2D0236A1F5}</ProjectGuid>
    <UseDefaultCompiler>True</UseDefaultCompiler>
    <IncrementalLinking>True</IncrementalLinking>
    <BaseDirectory>.</BaseDirectory>
    <PreferOneStepBuild>True</PreferOneStepBuild>
  </PropertyGroup>
  <PropertyGroup Condition=" '$(Configuration)|$(Platform)' == 'Debug|AnyCPU' ">
    <DebugSymbols>True</DebugSymbols>
    <OutputPath>bin\Debug</OutputPath>
    <UnittestMode>False</UnittestMode>
    <ObjectsDirectory>obj\Debug</ObjectsDirectory>
    <DebugLevel>0</DebugLevel>
    <Externalconsole>True</Externalconsole>
    <Target>Executable</Target>
    <OutputName>serviio</OutputName>
  </PropertyGroup>
  <PropertyGroup Condition=" '$(Configuration)|$(Platform)' == 'Release|AnyCPU' ">
    <OutputPath>bin\Release</OutputPath>
    <UnittestMode>False</UnittestMode>
    <ObjectsDirectory>obj\Release</ObjectsDirectory>
    <DebugLevel>0</DebugLevel>
    <Externalconsole>True</Externalconsole>
    <Target>Executable</Target>
    <OutputName>serviio</OutputName>
  </PropertyGroup>
  <PropertyGroup Condition=" '$(Configuration)|$(Platform)' == 'Unittest|AnyCPU' ">
    <DebugSymbols>True</DebugSymbols>
    <OutputPath>bin\Unittest</OutputPath>
    <UnittestMode>True</UnittestMode>
    <ObjectsDirectory>obj\Unittest</ObjectsDirectory>
    <DebugLevel>0</DebugLevel>
    <Externalconsole>True</Externalconsole>
    <Target>Executable</Target>
    <OutputName>serviio</OutputName>
  </PropertyGroup>
  <ItemGroup>
    <Folder Include="org\" />
    <Folder Include="external\" />
  </ItemGroup>
  <ItemGroup>
    <Compile Include="org\serviio\ApplicationInstanceListener.d" />
    <Compile Include="org\serviio\ApplicationInstanceManager.d" />
    <Compile Include="org\serviio\ApplicationSettings.d" />
    <Compile Include="org\serviio\MediaServer.d" />
    <Compile Include="org\serviio\SystemProperties.d" />
    <Compile Include="org\serviio\UPnPServerStatus.d" />
    <Compile Include="org\serviio\cache\AbstractCacheDecorator.d" />
    <Compile Include="org\serviio\cache\all.d" />
    <Compile Include="org\serviio\cache\CacheDecorator.d" />
    <Compile Include="org\serviio\config\all.d" />
    <Compile Include="org\serviio\config\ConfigStorage.d" />
    <Compile Include="org\serviio\config\Configuration.d" />
    <Compile Include="org\serviio\config\JDBCConfigStorage.d" />
    <Compile Include="org\serviio\config\PropertiesFileConfigStorage.d" />
    <Compile Include="org\serviio\config\dao\all.d" />
    <Compile Include="org\serviio\config\dao\ConfigEntryDAO.d" />
    <Compile Include="org\serviio\config\dao\ConfigEntryDAOImpl.d" />
    <Compile Include="org\serviio\config\entities\all.d" />
    <Compile Include="org\serviio\config\entities\ConfigEntry.d" />
    <Compile Include="org\serviio\db\all.d" />
    <Compile Include="org\serviio\db\DatabaseManager.d" />
    <Compile Include="org\serviio\db\DBConnectionPool.d" />
    <Compile Include="org\serviio\db\JdbcExecutor.d" />
    <Compile Include="org\serviio\db\dao\all.d" />
    <Compile Include="org\serviio\db\dao\DAOFactory.d" />
    <Compile Include="org\serviio\db\dao\GenericDAO.d" />
    <Compile Include="org\serviio\db\dao\InvalidArgumentException.d" />
    <Compile Include="org\serviio\db\dao\PersistenceException.d" />
    <Compile Include="org\serviio\db\entities\all.d" />
    <Compile Include="org\serviio\db\entities\PersistedEntity.d" />
    <Compile Include="org\serviio\delivery\all.d" />
    <Compile Include="org\serviio\delivery\AudioMediaInfo.d" />
    <Compile Include="org\serviio\delivery\Client.d" />
    <Compile Include="org\serviio\delivery\CoverImageRetrievalStrategy.d" />
    <Compile Include="org\serviio\delivery\DeliveryContainer.d" />
    <Compile Include="org\serviio\delivery\DeliveryContext.d" />
    <Compile Include="org\serviio\delivery\DeliveryListener.d" />
    <Compile Include="org\serviio\delivery\HttpDeliveryContainer.d" />
    <Compile Include="org\serviio\delivery\HttpResponseCodeException.d" />
    <Compile Include="org\serviio\delivery\ImageMediaInfo.d" />
    <Compile Include="org\serviio\delivery\MediaFormatProfileResource.d" />
    <Compile Include="org\serviio\delivery\MediaResourceRetrievalStrategy.d" />
    <Compile Include="org\serviio\delivery\NonClosingPipedInputStream.d" />
    <Compile Include="org\serviio\delivery\OnlineInputStream.d" />
    <Compile Include="org\serviio\delivery\RangeHeaders.d" />
    <Compile Include="org\serviio\delivery\RangeNotSupportedException.d" />
    <Compile Include="org\serviio\delivery\ResourceDeliveryProcessor.d" />
    <Compile Include="org\serviio\delivery\ResourceInfo.d" />
    <Compile Include="org\serviio\delivery\ResourceRetrievalStrategy.d" />
    <Compile Include="org\serviio\delivery\ResourceRetrievalStrategyFactory.d" />
    <Compile Include="org\serviio\delivery\StreamDeliveryContainer.d" />
    <Compile Include="org\serviio\delivery\SubtitlesInfo.d" />
    <Compile Include="org\serviio\delivery\SubtitlesRetrievalStrategy.d" />
    <Compile Include="org\serviio\delivery\VideoMediaInfo.d" />
    <Compile Include="org\serviio\delivery\RangeHeaders\RangeUnit.d" />
    <Compile Include="org\serviio\delivery\resource\AbstractDeliveryEngine.d" />
    <Compile Include="org\serviio\delivery\resource\all.d" />
    <Compile Include="org\serviio\delivery\resource\AudioDeliveryEngine.d" />
    <Compile Include="org\serviio\delivery\resource\DeliveryEngine.d" />
    <Compile Include="org\serviio\delivery\resource\ImageDeliveryEngine.d" />
    <Compile Include="org\serviio\delivery\resource\VideoDeliveryEngine.d" />
    <Compile Include="org\serviio\delivery\resource\transcode\AbstractTranscodingDefinition.d" />
    <Compile Include="org\serviio\delivery\resource\transcode\AbstractTranscodingDeliveryEngine.d" />
    <Compile Include="org\serviio\delivery\resource\transcode\AbstractTranscodingDeliveryStrategy.d" />
    <Compile Include="org\serviio\delivery\resource\transcode\all.d" />
    <Compile Include="org\serviio\delivery\resource\transcode\AudioTranscodingDefinition.d" />
    <Compile Include="org\serviio\delivery\resource\transcode\AudioTranscodingMatch.d" />
    <Compile Include="org\serviio\delivery\resource\transcode\FileBasedTranscodingDeliveryStrategy.d" />
    <Compile Include="org\serviio\delivery\resource\transcode\ImageTranscodingDefinition.d" />
    <Compile Include="org\serviio\delivery\resource\transcode\ImageTranscodingMatch.d" />
    <Compile Include="org\serviio\delivery\resource\transcode\ImageTranscodingProfilesProvider.d" />
    <Compile Include="org\serviio\delivery\resource\transcode\StreamBasedTranscodingDeliveryStrategy.d" />
    <Compile Include="org\serviio\delivery\resource\transcode\StreamDescriptor.d" />
    <Compile Include="org\serviio\delivery\resource\transcode\TranscodeInputStream.d" />
    <Compile Include="org\serviio\delivery\resource\transcode\TranscodingCache.d" />
    <Compile Include="org\serviio\delivery\resource\transcode\TranscodingConfiguration.d" />
    <Compile Include="org\serviio\delivery\resource\transcode\TranscodingDefinition.d" />
    <Compile Include="org\serviio\delivery\resource\transcode\TranscodingDeliveryStrategy.d" />
    <Compile Include="org\serviio\delivery\resource\transcode\TranscodingJobListener.d" />
    <Compile Include="org\serviio\delivery\resource\transcode\VideoTranscodingDefinition.d" />
    <Compile Include="org\serviio\delivery\resource\transcode\VideoTranscodingMatch.d" />
    <Compile Include="org\serviio\delivery\resource\transcode\TranscodingJobListener\ProgressData.d" />
    <Compile Include="org\serviio\delivery\ResourceDeliveryProcessor\HttpMethod.d" />
    <Compile Include="org\serviio\dlna\all.d" />
    <Compile Include="org\serviio\dlna\AudioCodec.d" />
    <Compile Include="org\serviio\dlna\AudioContainer.d" />
    <Compile Include="org\serviio\dlna\DisplayAspectRatio.d" />
    <Compile Include="org\serviio\dlna\DLNAConstants.d" />
    <Compile Include="org\serviio\dlna\H264Profile.d" />
    <Compile Include="org\serviio\dlna\ImageContainer.d" />
    <Compile Include="org\serviio\dlna\MediaFormatProfile.d" />
    <Compile Include="org\serviio\dlna\MediaFormatProfileResolver.d" />
    <Compile Include="org\serviio\dlna\SamplingMode.d" />
    <Compile Include="org\serviio\dlna\UnsupportedDLNAMediaFileFormatException.d" />
    <Compile Include="org\serviio\dlna\VideoCodec.d" />
    <Compile Include="org\serviio\dlna\VideoContainer.d" />
    <Compile Include="org\serviio\external\AbstractCLBuilder.d" />
    <Compile Include="org\serviio\external\AbstractExecutableWrapper.d" />
    <Compile Include="org\serviio\external\all.d" />
    <Compile Include="org\serviio\external\DCRawCLBuilder.d" />
    <Compile Include="org\serviio\external\DCRawWrapper.d" />
    <Compile Include="org\serviio\external\FFmpegCLBuilder.d" />
    <Compile Include="org\serviio\external\FFMPEGConstants.d" />
    <Compile Include="org\serviio\external\FFMPEGWrapper.d" />
    <Compile Include="org\serviio\external\ProcessExecutor.d" />
    <Compile Include="org\serviio\external\ProcessListener.d" />
    <Compile Include="org\serviio\external\ResizeDefinition.d" />
    <Compile Include="org\serviio\external\io\all.d" />
    <Compile Include="org\serviio\external\io\OutputBytesReader.d" />
    <Compile Include="org\serviio\external\io\OutputReader.d" />
    <Compile Include="org\serviio\external\io\OutputTextReader.d" />
    <Compile Include="org\serviio\external\io\PipedOutputBytesReader.d" />
    <Compile Include="org\serviio\i18n\all.d" />
    <Compile Include="org\serviio\i18n\GetLocalizationMessageBundleControl.d" />
    <Compile Include="org\serviio\i18n\Language.d" />
    <Compile Include="org\serviio\library\AbstractLibraryManager.d" />
    <Compile Include="org\serviio\library\all.d" />
    <Compile Include="org\serviio\library\dao\AbstractAccessibleDao.d" />
    <Compile Include="org\serviio\library\dao\AbstractSortableItemDao.d" />
    <Compile Include="org\serviio\library\dao\AccessGroupDAO.d" />
    <Compile Include="org\serviio\library\dao\AccessGroupDAOImpl.d" />
    <Compile Include="org\serviio\library\dao\all.d" />
    <Compile Include="org\serviio\library\dao\CoverImageDAO.d" />
    <Compile Include="org\serviio\library\dao\CoverImageDAOImpl.d" />
    <Compile Include="org\serviio\library\dao\FolderDAO.d" />
    <Compile Include="org\serviio\library\dao\FolderDAOImpl.d" />
    <Compile Include="org\serviio\library\dao\GenreDAO.d" />
    <Compile Include="org\serviio\library\dao\GenreDAOImpl.d" />
    <Compile Include="org\serviio\library\dao\ImageDAO.d" />
    <Compile Include="org\serviio\library\dao\ImageDAOImpl.d" />
    <Compile Include="org\serviio\library\dao\MediaItemDAO.d" />
    <Compile Include="org\serviio\library\dao\MediaItemDAOImpl.d" />
    <Compile Include="org\serviio\library\dao\MetadataDescriptorDAO.d" />
    <Compile Include="org\serviio\library\dao\MetadataDescriptorDAOImpl.d" />
    <Compile Include="org\serviio\library\dao\MetadataExtractorConfigDAO.d" />
    <Compile Include="org\serviio\library\dao\MetadataExtractorConfigDAOImpl.d" />
    <Compile Include="org\serviio\library\dao\MusicAlbumDAO.d" />
    <Compile Include="org\serviio\library\dao\MusicAlbumDAOImpl.d" />
    <Compile Include="org\serviio\library\dao\MusicTrackDAO.d" />
    <Compile Include="org\serviio\library\dao\MusicTrackDAOImpl.d" />
    <Compile Include="org\serviio\library\dao\OnlineRepositoryDAO.d" />
    <Compile Include="org\serviio\library\dao\OnlineRepositoryDAOImpl.d" />
    <Compile Include="org\serviio\library\dao\PersonDAO.d" />
    <Compile Include="org\serviio\library\dao\PersonDAOImpl.d" />
    <Compile Include="org\serviio\library\dao\PlaylistDAO.d" />
    <Compile Include="org\serviio\library\dao\PlaylistDAOImpl.d" />
    <Compile Include="org\serviio\library\dao\RepositoryDAO.d" />
    <Compile Include="org\serviio\library\dao\RepositoryDAOImpl.d" />
    <Compile Include="org\serviio\library\dao\SeriesDAO.d" />
    <Compile Include="org\serviio\library\dao\SeriesDAOImpl.d" />
    <Compile Include="org\serviio\library\dao\VideoDAO.d" />
    <Compile Include="org\serviio\library\dao\VideoDAOImpl.d" />
    <Compile Include="org\serviio\library\entities\AccessGroup.d" />
    <Compile Include="org\serviio\library\entities\all.d" />
    <Compile Include="org\serviio\library\entities\CoverImage.d" />
    <Compile Include="org\serviio\library\entities\Folder.d" />
    <Compile Include="org\serviio\library\entities\Genre.d" />
    <Compile Include="org\serviio\library\entities\Image.d" />
    <Compile Include="org\serviio\library\entities\MediaItem.d" />
    <Compile Include="org\serviio\library\entities\MetadataDescriptor.d" />
    <Compile Include="org\serviio\library\entities\MetadataExtractorConfig.d" />
    <Compile Include="org\serviio\library\entities\MusicAlbum.d" />
    <Compile Include="org\serviio\library\entities\MusicTrack.d" />
    <Compile Include="org\serviio\library\entities\OnlineRepository.d" />
    <Compile Include="org\serviio\library\entities\Person.d" />
    <Compile Include="org\serviio\library\entities\Playlist.d" />
    <Compile Include="org\serviio\library\entities\Repository.d" />
    <Compile Include="org\serviio\library\entities\Series.d" />
    <Compile Include="org\serviio\library\entities\Video.d" />
    <Compile Include="org\serviio\library\entities\OnlineRepository\OnlineRepositoryType.d" />
    <Compile Include="org\serviio\library\entities\Person\RoleType.d" />
    <Compile Include="org\serviio\library\local\all.d" />
    <Compile Include="org\serviio\library\local\ContentType.d" />
    <Compile Include="org\serviio\library\local\EnumMapConverter.d" />
    <Compile Include="org\serviio\library\local\H264LevelType.d" />
    <Compile Include="org\serviio\library\local\LibraryManager.d" />
    <Compile Include="org\serviio\library\local\OnlineDBIdentifier.d" />
    <Compile Include="org\serviio\library\local\metadata\all.d" />
    <Compile Include="org\serviio\library\local\metadata\AudioMetadata.d" />
    <Compile Include="org\serviio\library\local\metadata\CDSLibraryIndexingListener.d" />
    <Compile Include="org\serviio\library\local\metadata\ImageDescriptor.d" />
    <Compile Include="org\serviio\library\local\metadata\ImageMetadata.d" />
    <Compile Include="org\serviio\library\local\metadata\LibraryAdditionsCheckerThread.d" />
    <Compile Include="org\serviio\library\local\metadata\LibraryUpdatesCheckerThread.d" />
    <Compile Include="org\serviio\library\local\metadata\LocalItemMetadata.d" />
    <Compile Include="org\serviio\library\local\metadata\MetadataFactory.d" />
    <Compile Include="org\serviio\library\local\metadata\PlaylistMaintainerThread.d" />
    <Compile Include="org\serviio\library\local\metadata\TransportStreamTimestamp.d" />
    <Compile Include="org\serviio\library\local\metadata\VideoMetadata.d" />
    <Compile Include="org\serviio\library\local\metadata\extractor\AbstractLocalFileExtractor.d" />
    <Compile Include="org\serviio\library\local\metadata\extractor\all.d" />
    <Compile Include="org\serviio\library\local\metadata\extractor\CoverImageInFolderExtractor.d" />
    <Compile Include="org\serviio\library\local\metadata\extractor\ExtractorType.d" />
    <Compile Include="org\serviio\library\local\metadata\extractor\InvalidMediaFormatException.d" />
    <Compile Include="org\serviio\library\local\metadata\extractor\MetadataExtractor.d" />
    <Compile Include="org\serviio\library\local\metadata\extractor\MetadataExtractorFactory.d" />
    <Compile Include="org\serviio\library\local\metadata\extractor\MetadataFile.d" />
    <Compile Include="org\serviio\library\local\metadata\extractor\MyMoviesExtractor.d" />
    <Compile Include="org\serviio\library\local\metadata\extractor\SwissCenterExtractor.d" />
    <Compile Include="org\serviio\library\local\metadata\extractor\XBMCExtractor.d" />
    <Compile Include="org\serviio\library\local\metadata\extractor\embedded\all.d" />
    <Compile Include="org\serviio\library\local\metadata\extractor\embedded\AudioExtractionStrategy.d" />
    <Compile Include="org\serviio\library\local\metadata\extractor\embedded\AVCHeader.d" />
    <Compile Include="org\serviio\library\local\metadata\extractor\embedded\EmbeddedMetadataExtractor.d" />
    <Compile Include="org\serviio\library\local\metadata\extractor\embedded\FLACExtractionStrategy.d" />
    <Compile Include="org\serviio\library\local\metadata\extractor\embedded\GIFExtractionStrategy.d" />
    <Compile Include="org\serviio\library\local\metadata\extractor\embedded\ImageExtractionStrategy.d" />
    <Compile Include="org\serviio\library\local\metadata\extractor\embedded\JPEGExtractionStrategy.d" />
    <Compile Include="org\serviio\library\local\metadata\extractor\embedded\JPEGSamplingTypeReader.d" />
    <Compile Include="org\serviio\library\local\metadata\extractor\embedded\LPCMExtractionStrategy.d" />
    <Compile Include="org\serviio\library\local\metadata\extractor\embedded\MP3ExtractionStrategy.d" />
    <Compile Include="org\serviio\library\local\metadata\extractor\embedded\MP4ExtractionStrategy.d" />
    <Compile Include="org\serviio\library\local\metadata\extractor\embedded\OGGExtractionStrategy.d" />
    <Compile Include="org\serviio\library\local\metadata\extractor\embedded\PNGExtractionStrategy.d" />
    <Compile Include="org\serviio\library\local\metadata\extractor\embedded\VideoExtractionStrategy.d" />
    <Compile Include="org\serviio\library\local\metadata\extractor\embedded\WMAExtractionStrategy.d" />
    <Compile Include="org\serviio\library\local\metadata\extractor\embedded\h264\AbstractBufferWrapper.d" />
    <Compile Include="org\serviio\library\local\metadata\extractor\embedded\h264\all.d" />
    <Compile Include="org\serviio\library\local\metadata\extractor\embedded\h264\AnnexBNALUnitReader.d" />
    <Compile Include="org\serviio\library\local\metadata\extractor\embedded\h264\AspectRatio.d" />
    <Compile Include="org\serviio\library\local\metadata\extractor\embedded\h264\BitstreamElement.d" />
    <Compile Include="org\serviio\library\local\metadata\extractor\embedded\h264\BitstreamReader.d" />
    <Compile Include="org\serviio\library\local\metadata\extractor\embedded\h264\BTree.d" />
    <Compile Include="org\serviio\library\local\metadata\extractor\embedded\h264\BufferWrapper.d" />
    <Compile Include="org\serviio\library\local\metadata\extractor\embedded\h264\BufferWrapperImpl.d" />
    <Compile Include="org\serviio\library\local\metadata\extractor\embedded\h264\CAVLCReader.d" />
    <Compile Include="org\serviio\library\local\metadata\extractor\embedded\h264\CharCache.d" />
    <Compile Include="org\serviio\library\local\metadata\extractor\embedded\h264\ChromaFormat.d" />
    <Compile Include="org\serviio\library\local\metadata\extractor\embedded\h264\HRDParameters.d" />
    <Compile Include="org\serviio\library\local\metadata\extractor\embedded\h264\NALUnit.d" />
    <Compile Include="org\serviio\library\local\metadata\extractor\embedded\h264\NALUnitReader.d" />
    <Compile Include="org\serviio\library\local\metadata\extractor\embedded\h264\NALUnitType.d" />
    <Compile Include="org\serviio\library\local\metadata\extractor\embedded\h264\ScalingList.d" />
    <Compile Include="org\serviio\library\local\metadata\extractor\embedded\h264\ScalingMatrix.d" />
    <Compile Include="org\serviio\library\local\metadata\extractor\embedded\h264\SeqParameterSet.d" />
    <Compile Include="org\serviio\library\local\metadata\extractor\embedded\h264\VUIParameters.d" />
    <Compile Include="org\serviio\library\local\metadata\extractor\video\all.d" />
    <Compile Include="org\serviio\library\local\metadata\extractor\video\FileNameParser.d" />
    <Compile Include="org\serviio\library\local\metadata\extractor\video\MetadataLanguages.d" />
    <Compile Include="org\serviio\library\local\metadata\extractor\video\OnlineVideoSourcesMetadataExtractor.d" />
    <Compile Include="org\serviio\library\local\metadata\extractor\video\SearchSourceAdaptor.d" />
    <Compile Include="org\serviio\library\local\metadata\extractor\video\SearchSourceFactory.d" />
    <Compile Include="org\serviio\library\local\metadata\extractor\video\TheMovieDBSourceAdaptor.d" />
    <Compile Include="org\serviio\library\local\metadata\extractor\video\TheTVDBSourceAdaptor.d" />
    <Compile Include="org\serviio\library\local\metadata\extractor\video\VideoDescription.d" />
    <Compile Include="org\serviio\library\local\service\all.d" />
    <Compile Include="org\serviio\library\local\service\AudioService.d" />
    <Compile Include="org\serviio\library\local\service\CoverImageService.d" />
    <Compile Include="org\serviio\library\local\service\FolderService.d" />
    <Compile Include="org\serviio\library\local\service\GenreService.d" />
    <Compile Include="org\serviio\library\local\service\ImageService.d" />
    <Compile Include="org\serviio\library\local\service\MediaService.d" />
    <Compile Include="org\serviio\library\local\service\PersonService.d" />
    <Compile Include="org\serviio\library\local\service\PlaylistService.d" />
    <Compile Include="org\serviio\library\local\service\RepositoryService.d" />
    <Compile Include="org\serviio\library\local\service\SubtitlesService.d" />
    <Compile Include="org\serviio\library\local\service\VideoService.d" />
    <Compile Include="org\serviio\library\metadata\AbstractCDSLibraryIndexingListener.d" />
    <Compile Include="org\serviio\library\metadata\AbstractLibraryCheckerThread.d" />
    <Compile Include="org\serviio\library\metadata\all.d" />
    <Compile Include="org\serviio\library\metadata\DCRawMetadataRetriever.d" />
    <Compile Include="org\serviio\library\metadata\FFmpegMetadataRetriever.d" />
    <Compile Include="org\serviio\library\metadata\ImageMetadataRetriever.d" />
    <Compile Include="org\serviio\library\metadata\InvalidMetadataException.d" />
    <Compile Include="org\serviio\library\metadata\ItemMetadata.d" />
    <Compile Include="org\serviio\library\metadata\LibraryIndexingListener.d" />
    <Compile Include="org\serviio\library\metadata\MediaFileType.d" />
    <Compile Include="org\serviio\library\metadata\SanselanMetadataRetriever.d" />
    <Compile Include="org\serviio\library\online\AbstractOnlineItemParser.d" />
    <Compile Include="org\serviio\library\online\AbstractUrlExtractor.d" />
    <Compile Include="org\serviio\library\online\all.d" />
    <Compile Include="org\serviio\library\online\CannotRetrieveThumbnailException.d" />
    <Compile Include="org\serviio\library\online\ContentURLContainer.d" />
    <Compile Include="org\serviio\library\online\FeedItemUrlExtractor.d" />
    <Compile Include="org\serviio\library\online\OnlineCacheDecorator.d" />
    <Compile Include="org\serviio\library\online\OnlineContentCacheDecorator.d" />
    <Compile Include="org\serviio\library\online\OnlineItemId.d" />
    <Compile Include="org\serviio\library\online\OnlineItemService.d" />
    <Compile Include="org\serviio\library\online\OnlineLibraryManager.d" />
    <Compile Include="org\serviio\library\online\PluginExecutionProcessor.d" />
    <Compile Include="org\serviio\library\online\PreferredQuality.d" />
    <Compile Include="org\serviio\library\online\SingleURLParser.d" />
    <Compile Include="org\serviio\library\online\TechnicalMetadataCacheDecorator.d" />
    <Compile Include="org\serviio\library\online\ThumbnailCacheDecorator.d" />
    <Compile Include="org\serviio\library\online\WebResourceContainer.d" />
    <Compile Include="org\serviio\library\online\WebResourceItem.d" />
    <Compile Include="org\serviio\library\online\WebResourceParser.d" />
    <Compile Include="org\serviio\library\online\WebResourceUrlExtractor.d" />
    <Compile Include="org\serviio\library\online\feed\all.d" />
    <Compile Include="org\serviio\library\online\feed\BasicFeedEntryParser.d" />
    <Compile Include="org\serviio\library\online\feed\FeedEntryParser.d" />
    <Compile Include="org\serviio\library\online\feed\FeedParser.d" />
    <Compile Include="org\serviio\library\online\feed\GameTrailersExFeedEntryParser.d" />
    <Compile Include="org\serviio\library\online\feed\ITunesPodcastFeedEntryParser.d" />
    <Compile Include="org\serviio\library\online\feed\ITunesRssFeedEntryParser.d" />
    <Compile Include="org\serviio\library\online\feed\MediaFeedEntryParser.d" />
    <Compile Include="org\serviio\library\online\feed\PluginCompilerThread.d" />
    <Compile Include="org\serviio\library\online\feed\modules\gametrailers\all.d" />
    <Compile Include="org\serviio\library\online\feed\modules\gametrailers\GameTrailersExModule.d" />
    <Compile Include="org\serviio\library\online\feed\modules\gametrailers\GameTrailersExModuleImpl.d" />
    <Compile Include="org\serviio\library\online\feed\modules\gametrailers\GameTrailersExModuleParser.d" />
    <Compile Include="org\serviio\library\online\feed\modules\itunes\all.d" />
    <Compile Include="org\serviio\library\online\feed\modules\itunes\Image.d" />
    <Compile Include="org\serviio\library\online\feed\modules\itunes\ITunesRssModule.d" />
    <Compile Include="org\serviio\library\online\feed\modules\itunes\ITunesRssModuleImpl.d" />
    <Compile Include="org\serviio\library\online\feed\modules\itunes\ITunesRssModuleParser.d" />
    <Compile Include="org\serviio\library\online\metadata\all.d" />
    <Compile Include="org\serviio\library\online\metadata\Feed.d" />
    <Compile Include="org\serviio\library\online\metadata\FeedItem.d" />
    <Compile Include="org\serviio\library\online\metadata\FeedUpdaterThread.d" />
    <Compile Include="org\serviio\library\online\metadata\NamedOnlineResource.d" />
    <Compile Include="org\serviio\library\online\metadata\OnlineCachable.d" />
    <Compile Include="org\serviio\library\online\metadata\OnlineCDSLibraryIndexingListener.d" />
    <Compile Include="org\serviio\library\online\metadata\OnlineContainerItem.d" />
    <Compile Include="org\serviio\library\online\metadata\OnlineItem.d" />
    <Compile Include="org\serviio\library\online\metadata\OnlineResourceContainer.d" />
    <Compile Include="org\serviio\library\online\metadata\SingleURLItem.d" />
    <Compile Include="org\serviio\library\online\metadata\TechnicalMetadata.d" />
    <Compile Include="org\serviio\library\online\metadata\WebResource.d" />
    <Compile Include="org\serviio\library\online\metadata\WebResourceItem.d" />
    <Compile Include="org\serviio\library\online\service\all.d" />
    <Compile Include="org\serviio\library\online\service\OnlineRepositoryService.d" />
    <Compile Include="org\serviio\library\playlist\AbstractPlaylistParserStrategy.d" />
    <Compile Include="org\serviio\library\playlist\all.d" />
    <Compile Include="org\serviio\library\playlist\AsxIniParserStrategy.d" />
    <Compile Include="org\serviio\library\playlist\AsxParserStrategy.d" />
    <Compile Include="org\serviio\library\playlist\CannotParsePlaylistException.d" />
    <Compile Include="org\serviio\library\playlist\M3UParserStrategy.d" />
    <Compile Include="org\serviio\library\playlist\ParsedPlaylist.d" />
    <Compile Include="org\serviio\library\playlist\PlaylistItem.d" />
    <Compile Include="org\serviio\library\playlist\PlaylistParser.d" />
    <Compile Include="org\serviio\library\playlist\PlaylistParserStrategy.d" />
    <Compile Include="org\serviio\library\playlist\PlaylistStrategyFactory.d" />
    <Compile Include="org\serviio\library\playlist\PlaylistType.d" />
    <Compile Include="org\serviio\library\playlist\PlsParserStrategy.d" />
    <Compile Include="org\serviio\library\playlist\WplParserStrategy.d" />
    <Compile Include="org\serviio\library\service\AccessGroupService.d" />
    <Compile Include="org\serviio\library\service\all.d" />
    <Compile Include="org\serviio\library\service\Service.d" />
    <Compile Include="org\serviio\licensing\all.d" />
    <Compile Include="org\serviio\licensing\BundledLicenseProvider.d" />
    <Compile Include="org\serviio\licensing\CustomerLicenseProvider.d" />
    <Compile Include="org\serviio\licensing\InvalidLicenseException.d" />
    <Compile Include="org\serviio\licensing\LicenseProperties.d" />
    <Compile Include="org\serviio\licensing\LicenseProvider.d" />
    <Compile Include="org\serviio\licensing\LicenseValidator.d" />
    <Compile Include="org\serviio\licensing\LicensingManager.d" />
    <Compile Include="org\serviio\licensing\ServiioLicense.d" />
    <Compile Include="org\serviio\licensing\VersionValidatorPlugin.d" />
    <Compile Include="org\serviio\licensing\LicensingManager\ServiioEdition.d" />
    <Compile Include="org\serviio\licensing\LicensingManager\ServiioLicenseType.d" />
    <Compile Include="org\serviio\mediabrowser\rest\all.d" />
    <Compile Include="org\serviio\mediabrowser\rest\MediaBrowserRestletApplication.d" />
    <Compile Include="org\serviio\mediabrowser\rest\resources\all.d" />
    <Compile Include="org\serviio\mediabrowser\rest\resources\MediaBrowserResource.d" />
    <Compile Include="org\serviio\mediabrowser\rest\resources\server\all.d" />
    <Compile Include="org\serviio\mediabrowser\rest\resources\server\MediaBrowserServerResource.d" />
    <Compile Include="org\serviio\profile\all.d" />
    <Compile Include="org\serviio\profile\DeliveryQuality.d" />
    <Compile Include="org\serviio\profile\DetectionDefinition.d" />
    <Compile Include="org\serviio\profile\H264LevelCheckType.d" />
    <Compile Include="org\serviio\profile\OnlineContentType.d" />
    <Compile Include="org\serviio\profile\Profile.d" />
    <Compile Include="org\serviio\profile\ProfileManager.d" />
    <Compile Include="org\serviio\profile\ProfilesDefinitionException.d" />
    <Compile Include="org\serviio\profile\ProfilesDefinitionParser.d" />
    <Compile Include="org\serviio\profile\DeliveryQuality\QualityType.d" />
    <Compile Include="org\serviio\renderer\ActiveRenderer.d" />
    <Compile Include="org\serviio\renderer\all.d" />
    <Compile Include="org\serviio\renderer\CannotResolveRendererProfileException.d" />
    <Compile Include="org\serviio\renderer\RendererExpirationChecker.d" />
    <Compile Include="org\serviio\renderer\RendererManager.d" />
    <Compile Include="org\serviio\renderer\dao\all.d" />
    <Compile Include="org\serviio\renderer\dao\RendererDAO.d" />
    <Compile Include="org\serviio\renderer\dao\RendererDAOImpl.d" />
    <Compile Include="org\serviio\renderer\entities\all.d" />
    <Compile Include="org\serviio\renderer\entities\Renderer.d" />
    <Compile Include="org\serviio\restlet\AbstractProEditionServerResource.d" />
    <Compile Include="org\serviio\restlet\AbstractRestfulException.d" />
    <Compile Include="org\serviio\restlet\AbstractServerResource.d" />
    <Compile Include="org\serviio\restlet\all.d" />
    <Compile Include="org\serviio\restlet\AuthenticationException.d" />
    <Compile Include="org\serviio\restlet\HttpCodeException.d" />
    <Compile Include="org\serviio\restlet\ModelError.d" />
    <Compile Include="org\serviio\restlet\OperationException.d" />
    <Compile Include="org\serviio\restlet\RestletConstants.d" />
    <Compile Include="org\serviio\restlet\RestletServer.d" />
    <Compile Include="org\serviio\restlet\ResultRepresentation.d" />
    <Compile Include="org\serviio\restlet\ServerUnavailableException.d" />
    <Compile Include="org\serviio\restlet\ServiioStatusService.d" />
    <Compile Include="org\serviio\restlet\ServiioXstreamConverter.d" />
    <Compile Include="org\serviio\restlet\ServiioXstreamRepresentation.d" />
    <Compile Include="org\serviio\restlet\ValidationException.d" />
    <Compile Include="org\serviio\ui\all.d" />
    <Compile Include="org\serviio\ui\ApiRestletApplication.d" />
    <Compile Include="org\serviio\ui\representation\ActionRepresentation.d" />
    <Compile Include="org\serviio\ui\representation\all.d" />
    <Compile Include="org\serviio\ui\representation\ApplicationRepresentation.d" />
    <Compile Include="org\serviio\ui\representation\BrowsingCategory.d" />
    <Compile Include="org\serviio\ui\representation\ConsoleSettingsRepresentation.d" />
    <Compile Include="org\serviio\ui\representation\DataValue.d" />
    <Compile Include="org\serviio\ui\representation\LibraryStatusRepresentation.d" />
    <Compile Include="org\serviio\ui\representation\LicenseRepresentation.d" />
    <Compile Include="org\serviio\ui\representation\MetadataRepresentation.d" />
    <Compile Include="org\serviio\ui\representation\OnlinePlugin.d" />
    <Compile Include="org\serviio\ui\representation\OnlinePluginsRepresentation.d" />
    <Compile Include="org\serviio\ui\representation\OnlineRepository.d" />
    <Compile Include="org\serviio\ui\representation\PresentationRepresentation.d" />
    <Compile Include="org\serviio\ui\representation\ReferenceDataRepresentation.d" />
    <Compile Include="org\serviio\ui\representation\RemoteAccessRepresentation.d" />
    <Compile Include="org\serviio\ui\representation\RendererRepresentation.d" />
    <Compile Include="org\serviio\ui\representation\RepositoryRepresentation.d" />
    <Compile Include="org\serviio\ui\representation\ServiceStatusRepresentation.d" />
    <Compile Include="org\serviio\ui\representation\SharedFolder.d" />
    <Compile Include="org\serviio\ui\representation\StatusRepresentation.d" />
    <Compile Include="org\serviio\ui\representation\TranscodingRepresentation.d" />
    <Compile Include="org\serviio\ui\representation\WithAccessGroups.d" />
    <Compile Include="org\serviio\ui\resources\AboutResource.d" />
    <Compile Include="org\serviio\ui\resources\ActionsResource.d" />
    <Compile Include="org\serviio\ui\resources\all.d" />
    <Compile Include="org\serviio\ui\resources\ApplicationResource.d" />
    <Compile Include="org\serviio\ui\resources\ConsoleSettingsResource.d" />
    <Compile Include="org\serviio\ui\resources\LibraryStatusResource.d" />
    <Compile Include="org\serviio\ui\resources\LicenseUploadResource.d" />
    <Compile Include="org\serviio\ui\resources\MetadataResource.d" />
    <Compile Include="org\serviio\ui\resources\OnlinePluginsResource.d" />
    <Compile Include="org\serviio\ui\resources\PingResource.d" />
    <Compile Include="org\serviio\ui\resources\PresentationResource.d" />
    <Compile Include="org\serviio\ui\resources\ReferenceDataResource.d" />
    <Compile Include="org\serviio\ui\resources\RemoteAccessResource.d" />
    <Compile Include="org\serviio\ui\resources\RepositoryResource.d" />
    <Compile Include="org\serviio\ui\resources\ServiceStatusResource.d" />
    <Compile Include="org\serviio\ui\resources\StatusResource.d" />
    <Compile Include="org\serviio\ui\resources\TranscodingResource.d" />
    <Compile Include="org\serviio\ui\resources\server\AboutServerResource.d" />
    <Compile Include="org\serviio\ui\resources\server\ActionsServerResource.d" />
    <Compile Include="org\serviio\ui\resources\server\all.d" />
    <Compile Include="org\serviio\ui\resources\server\ApplicationServerResource.d" />
    <Compile Include="org\serviio\ui\resources\server\ConsoleSettingsServerResource.d" />
    <Compile Include="org\serviio\ui\resources\server\LibraryStatusServerResource.d" />
    <Compile Include="org\serviio\ui\resources\server\LicenseUploadServerResource.d" />
    <Compile Include="org\serviio\ui\resources\server\MetadataServerResource.d" />
    <Compile Include="org\serviio\ui\resources\server\OnlinePluginsServerResource.d" />
    <Compile Include="org\serviio\ui\resources\server\PingServerResource.d" />
    <Compile Include="org\serviio\ui\resources\server\PresentationServerResource.d" />
    <Compile Include="org\serviio\ui\resources\server\ReferenceDataServerResource.d" />
    <Compile Include="org\serviio\ui\resources\server\RemoteAccessServerResource.d" />
    <Compile Include="org\serviio\ui\resources\server\RepositoryServerResource.d" />
    <Compile Include="org\serviio\ui\resources\server\ServiceStatusServerResource.d" />
    <Compile Include="org\serviio\ui\resources\server\StatusServerResource.d" />
    <Compile Include="org\serviio\ui\resources\server\TranscodingServerResource.d" />
    <Compile Include="org\serviio\update\all.d" />
    <Compile Include="org\serviio\update\DBSchemaUpdateExecutor.d" />
    <Compile Include="org\serviio\update\UpdateChecker.d" />
    <Compile Include="org\serviio\update\dao\all.d" />
    <Compile Include="org\serviio\update\dao\DBLogDAO.d" />
    <Compile Include="org\serviio\update\dao\DBLogDAOImpl.d" />
    <Compile Include="org\serviio\update\entities\all.d" />
    <Compile Include="org\serviio\update\entities\DBLog.d" />
    <Compile Include="org\serviio\upnp\all.d" />
    <Compile Include="org\serviio\upnp\Device.d" />
    <Compile Include="org\serviio\upnp\DeviceDescription.d" />
    <Compile Include="org\serviio\upnp\addressing\all.d" />
    <Compile Include="org\serviio\upnp\addressing\LocalAddressResolverStrategy.d" />
    <Compile Include="org\serviio\upnp\discovery\AbstractSSDPMessageListener.d" />
    <Compile Include="org\serviio\upnp\discovery\all.d" />
    <Compile Include="org\serviio\upnp\discovery\DiscoveryAdvertisementNotifier.d" />
    <Compile Include="org\serviio\upnp\discovery\DiscoveryManager.d" />
    <Compile Include="org\serviio\upnp\discovery\DiscoverySearchResponder.d" />
    <Compile Include="org\serviio\upnp\discovery\DiscoverySSDPMessageListener.d" />
    <Compile Include="org\serviio\upnp\discovery\MediaServerConstants.d" />
    <Compile Include="org\serviio\upnp\discovery\Multicaster.d" />
    <Compile Include="org\serviio\upnp\discovery\RendererAdvertisementProcessor.d" />
    <Compile Include="org\serviio\upnp\discovery\RendererSearchResponseProcessor.d" />
    <Compile Include="org\serviio\upnp\discovery\RendererSearchSender.d" />
    <Compile Include="org\serviio\upnp\eventing\all.d" />
    <Compile Include="org\serviio\upnp\eventing\EventDispatcher.d" />
    <Compile Include="org\serviio\upnp\eventing\EventSubscriptionExpirationChecker.d" />
    <Compile Include="org\serviio\upnp\eventing\Subscription.d" />
    <Compile Include="org\serviio\upnp\protocol\all.d" />
    <Compile Include="org\serviio\upnp\protocol\TemplateApplicator.d" />
    <Compile Include="org\serviio\upnp\protocol\Templates.d" />
    <Compile Include="org\serviio\upnp\protocol\http\all.d" />
    <Compile Include="org\serviio\upnp\protocol\http\HttpMessageBuilder.d" />
    <Compile Include="org\serviio\upnp\protocol\http\HttpMessageParser.d" />
    <Compile Include="org\serviio\upnp\protocol\http\RequestExecutor.d" />
    <Compile Include="org\serviio\upnp\protocol\http\StreamSessionInputBuffer.d" />
    <Compile Include="org\serviio\upnp\protocol\http\StreamSessionOutputBuffer.d" />
    <Compile Include="org\serviio\upnp\protocol\http\UniversalHttpRequestFactory.d" />
    <Compile Include="org\serviio\upnp\protocol\http\UniversalHttpServerConnection.d" />
    <Compile Include="org\serviio\upnp\protocol\http\transport\AbstractProtocolHandler.d" />
    <Compile Include="org\serviio\upnp\protocol\http\transport\all.d" />
    <Compile Include="org\serviio\upnp\protocol\http\transport\CDSProtocolHandler.d" />
    <Compile Include="org\serviio\upnp\protocol\http\transport\DLNAProtocolHandler.d" />
    <Compile Include="org\serviio\upnp\protocol\http\transport\InvalidResourceRequestException.d" />
    <Compile Include="org\serviio\upnp\protocol\http\transport\LGProtocolHandler.d" />
    <Compile Include="org\serviio\upnp\protocol\http\transport\RequestedResourceDescriptor.d" />
    <Compile Include="org\serviio\upnp\protocol\http\transport\ResourceTransportProtocolHandler.d" />
    <Compile Include="org\serviio\upnp\protocol\http\transport\SamsungWiseLinkProtocolHandler.d" />
    <Compile Include="org\serviio\upnp\protocol\http\transport\TransferMode.d" />
    <Compile Include="org\serviio\upnp\protocol\http\transport\XBox360ProtocolHandler.d" />
    <Compile Include="org\serviio\upnp\protocol\soap\all.d" />
    <Compile Include="org\serviio\upnp\protocol\soap\InvocationError.d" />
    <Compile Include="org\serviio\upnp\protocol\soap\OperationResult.d" />
    <Compile Include="org\serviio\upnp\protocol\soap\ServiceInvocationException.d" />
    <Compile Include="org\serviio\upnp\protocol\soap\ServiceInvoker.d" />
    <Compile Include="org\serviio\upnp\protocol\soap\SOAPParameter.d" />
    <Compile Include="org\serviio\upnp\protocol\soap\SOAPParameters.d" />
    <Compile Include="org\serviio\upnp\protocol\ssdp\all.d" />
    <Compile Include="org\serviio\upnp\protocol\ssdp\DeviceAliveMessageBuilder.d" />
    <Compile Include="org\serviio\upnp\protocol\ssdp\DeviceUnavailableMessageBuilder.d" />
    <Compile Include="org\serviio\upnp\protocol\ssdp\InsufficientInformationException.d" />
    <Compile Include="org\serviio\upnp\protocol\ssdp\RendererSearchMessageBuilder.d" />
    <Compile Include="org\serviio\upnp\protocol\ssdp\SearchResponseMessageBuilder.d" />
    <Compile Include="org\serviio\upnp\protocol\ssdp\SSDPConstants.d" />
    <Compile Include="org\serviio\upnp\protocol\ssdp\SSDPMessageBuilder.d" />
    <Compile Include="org\serviio\upnp\protocol\ssdp\SSDPMessageBuilderFactory.d" />
    <Compile Include="org\serviio\upnp\protocol\ssdp\SSDPRequestMessageBuilder.d" />
    <Compile Include="org\serviio\upnp\protocol\ssdp\SSDPResponseMessageBuilder.d" />
    <Compile Include="org\serviio\upnp\service\all.d" />
    <Compile Include="org\serviio\upnp\service\Service.d" />
    <Compile Include="org\serviio\upnp\service\StateVariable.d" />
    <Compile Include="org\serviio\upnp\service\connectionmanager\all.d" />
    <Compile Include="org\serviio\upnp\service\connectionmanager\ConnectionManager.d" />
    <Compile Include="org\serviio\upnp\service\contentdirectory\all.d" />
    <Compile Include="org\serviio\upnp\service\contentdirectory\BrowseItemsHolder.d" />
    <Compile Include="org\serviio\upnp\service\contentdirectory\CDSCacheDecorator.d" />
    <Compile Include="org\serviio\upnp\service\contentdirectory\ContentDirectory.d" />
    <Compile Include="org\serviio\upnp\service\contentdirectory\ContentDirectoryEngine.d" />
    <Compile Include="org\serviio\upnp\service\contentdirectory\ContentDirectoryMessageBuilder.d" />
    <Compile Include="org\serviio\upnp\service\contentdirectory\DLNAProtocolAdditionalInfo.d" />
    <Compile Include="org\serviio\upnp\service\contentdirectory\GenericDLNAMessageBuilder.d" />
    <Compile Include="org\serviio\upnp\service\contentdirectory\HostInfo.d" />
    <Compile Include="org\serviio\upnp\service\contentdirectory\InvalidBrowseFlagException.d" />
    <Compile Include="org\serviio\upnp\service\contentdirectory\LocalContentCacheDecorator.d" />
    <Compile Include="org\serviio\upnp\service\contentdirectory\NoCacheDecorator.d" />
    <Compile Include="org\serviio\upnp\service\contentdirectory\ObjectNotFoundException.d" />
    <Compile Include="org\serviio\upnp\service\contentdirectory\ObjectType.d" />
    <Compile Include="org\serviio\upnp\service\contentdirectory\PacketVideoDLNAMessageBuilder.d" />
    <Compile Include="org\serviio\upnp\service\contentdirectory\ProtocolAdditionalInfo.d" />
    <Compile Include="org\serviio\upnp\service\contentdirectory\ProtocolInfo.d" />
    <Compile Include="org\serviio\upnp\service\contentdirectory\SamsungDLNAMessageBuilder.d" />
    <Compile Include="org\serviio\upnp\service\contentdirectory\SimpleProtocolInfo.d" />
    <Compile Include="org\serviio\upnp\service\contentdirectory\SonyDLNAMessageBuilder.d" />
    <Compile Include="org\serviio\upnp\service\contentdirectory\classes\Album.d" />
    <Compile Include="org\serviio\upnp\service\contentdirectory\classes\all.d" />
    <Compile Include="org\serviio\upnp\service\contentdirectory\classes\AudioItem.d" />
    <Compile Include="org\serviio\upnp\service\contentdirectory\classes\ClassProperties.d" />
    <Compile Include="org\serviio\upnp\service\contentdirectory\classes\Container.d" />
    <Compile Include="org\serviio\upnp\service\contentdirectory\classes\DirectoryObject.d" />
    <Compile Include="org\serviio\upnp\service\contentdirectory\classes\DirectoryObjectBuilder.d" />
    <Compile Include="org\serviio\upnp\service\contentdirectory\classes\Genre.d" />
    <Compile Include="org\serviio\upnp\service\contentdirectory\classes\ImageItem.d" />
    <Compile Include="org\serviio\upnp\service\contentdirectory\classes\InvalidResourceException.d" />
    <Compile Include="org\serviio\upnp\service\contentdirectory\classes\Item.d" />
    <Compile Include="org\serviio\upnp\service\contentdirectory\classes\Movie.d" />
    <Compile Include="org\serviio\upnp\service\contentdirectory\classes\MusicAlbum.d" />
    <Compile Include="org\serviio\upnp\service\contentdirectory\classes\MusicArtist.d" />
    <Compile Include="org\serviio\upnp\service\contentdirectory\classes\MusicGenre.d" />
    <Compile Include="org\serviio\upnp\service\contentdirectory\classes\MusicTrack.d" />
    <Compile Include="org\serviio\upnp\service\contentdirectory\classes\ObjectClassType.d" />
    <Compile Include="org\serviio\upnp\service\contentdirectory\classes\Person.d" />
    <Compile Include="org\serviio\upnp\service\contentdirectory\classes\Photo.d" />
    <Compile Include="org\serviio\upnp\service\contentdirectory\classes\PlaylistContainer.d" />
    <Compile Include="org\serviio\upnp\service\contentdirectory\classes\PlaylistItem.d" />
    <Compile Include="org\serviio\upnp\service\contentdirectory\classes\Resource.d" />
    <Compile Include="org\serviio\upnp\service\contentdirectory\classes\StorageFolder.d" />
    <Compile Include="org\serviio\upnp\service\contentdirectory\classes\VideoItem.d" />
    <Compile Include="org\serviio\upnp\service\contentdirectory\classes\Resource\ResourceType.d" />
    <Compile Include="org\serviio\upnp\service\contentdirectory\command\AbstractCommand.d" />
    <Compile Include="org\serviio\upnp\service\contentdirectory\command\AbstractEntityContainerCommand.d" />
    <Compile Include="org\serviio\upnp\service\contentdirectory\command\AbstractEntityItemCommand.d" />
    <Compile Include="org\serviio\upnp\service\contentdirectory\command\AbstractListFlatFoldersByNameCommand.d" />
    <Compile Include="org\serviio\upnp\service\contentdirectory\command\AbstractListInitialsCommand.d" />
    <Compile Include="org\serviio\upnp\service\contentdirectory\command\AbstractListObjectsByFSHierarchyCommand.d" />
    <Compile Include="org\serviio\upnp\service\contentdirectory\command\AbstractListOnlineObjectsByHierarchyCommand.d" />
    <Compile Include="org\serviio\upnp\service\contentdirectory\command\AbstractListPlaylistsCommand.d" />
    <Compile Include="org\serviio\upnp\service\contentdirectory\command\all.d" />
    <Compile Include="org\serviio\upnp\service\contentdirectory\command\Command.d" />
    <Compile Include="org\serviio\upnp\service\contentdirectory\command\CommandExecutionException.d" />
    <Compile Include="org\serviio\upnp\service\contentdirectory\command\ObjectValuesBuilder.d" />
    <Compile Include="org\serviio\upnp\service\contentdirectory\command\ResourceValuesBuilder.d" />
    <Compile Include="org\serviio\upnp\service\contentdirectory\command\audio\AbstractAlbumsRetrievalCommand.d" />
    <Compile Include="org\serviio\upnp\service\contentdirectory\command\audio\AbstractSongsForRoleAndAlbumRetrievalCommand.d" />
    <Compile Include="org\serviio\upnp\service\contentdirectory\command\audio\AbstractSongsRetrievalCommand.d" />
    <Compile Include="org\serviio\upnp\service\contentdirectory\command\audio\all.d" />
    <Compile Include="org\serviio\upnp\service\contentdirectory\command\audio\ListAlbumsForAlbumArtistCommand.d" />
    <Compile Include="org\serviio\upnp\service\contentdirectory\command\audio\ListAlbumsForArtistCommand.d" />
    <Compile Include="org\serviio\upnp\service\contentdirectory\command\audio\ListAlbumsForComposerCommand.d" />
    <Compile Include="org\serviio\upnp\service\contentdirectory\command\audio\ListAllAlbumsCommand.d" />
    <Compile Include="org\serviio\upnp\service\contentdirectory\command\audio\ListAllSongsCommand.d" />
    <Compile Include="org\serviio\upnp\service\contentdirectory\command\audio\ListAudioFoldersByNameCommand.d" />
    <Compile Include="org\serviio\upnp\service\contentdirectory\command\audio\ListAudioGenresByNameCommand.d" />
    <Compile Include="org\serviio\upnp\service\contentdirectory\command\audio\ListAudioOnlineContentCommand.d" />
    <Compile Include="org\serviio\upnp\service\contentdirectory\command\audio\ListAudioPlaylistsCommand.d" />
    <Compile Include="org\serviio\upnp\service\contentdirectory\command\audio\ListFlatAudioFoldersByNameCommand.d" />
    <Compile Include="org\serviio\upnp\service\contentdirectory\command\audio\ListRandomSongsCommand.d" />
    <Compile Include="org\serviio\upnp\service\contentdirectory\command\audio\ListSongInitialsCommand.d" />
    <Compile Include="org\serviio\upnp\service\contentdirectory\command\audio\ListSongsForAlbumCommand.d" />
    <Compile Include="org\serviio\upnp\service\contentdirectory\command\audio\ListSongsForArtistAndAlbumCommand.d" />
    <Compile Include="org\serviio\upnp\service\contentdirectory\command\audio\ListSongsForArtistCommand.d" />
    <Compile Include="org\serviio\upnp\service\contentdirectory\command\audio\ListSongsForComposerAndAlbumCommand.d" />
    <Compile Include="org\serviio\upnp\service\contentdirectory\command\audio\ListSongsForFolderCommand.d" />
    <Compile Include="org\serviio\upnp\service\contentdirectory\command\audio\ListSongsForGenreCommand.d" />
    <Compile Include="org\serviio\upnp\service\contentdirectory\command\audio\ListSongsForInitialCommand.d" />
    <Compile Include="org\serviio\upnp\service\contentdirectory\command\audio\ListSongsForPlaylistCommand.d" />
    <Compile Include="org\serviio\upnp\service\contentdirectory\command\image\AbstractImagesRetrievalCommand.d" />
    <Compile Include="org\serviio\upnp\service\contentdirectory\command\image\all.d" />
    <Compile Include="org\serviio\upnp\service\contentdirectory\command\image\ListAllImagesCommand.d" />
    <Compile Include="org\serviio\upnp\service\contentdirectory\command\image\ListFlatImageFoldersByNameCommand.d" />
    <Compile Include="org\serviio\upnp\service\contentdirectory\command\image\ListImageFoldersByNameCommand.d" />
    <Compile Include="org\serviio\upnp\service\contentdirectory\command\image\ListImageOnlineContentCommand.d" />
    <Compile Include="org\serviio\upnp\service\contentdirectory\command\image\ListImagePlaylistsCommand.d" />
    <Compile Include="org\serviio\upnp\service\contentdirectory\command\image\ListImagesCreationMonthsCommand.d" />
    <Compile Include="org\serviio\upnp\service\contentdirectory\command\image\ListImagesCreationYearsCommand.d" />
    <Compile Include="org\serviio\upnp\service\contentdirectory\command\image\ListImagesForCreationMonthAndYearCommand.d" />
    <Compile Include="org\serviio\upnp\service\contentdirectory\command\image\ListImagesForCreationYearCommand.d" />
    <Compile Include="org\serviio\upnp\service\contentdirectory\command\image\ListImagesForFolderCommand.d" />
    <Compile Include="org\serviio\upnp\service\contentdirectory\command\image\ListImagesForPlaylistCommand.d" />
    <Compile Include="org\serviio\upnp\service\contentdirectory\command\person\AbstractListPersonInitialsCommand.d" />
    <Compile Include="org\serviio\upnp\service\contentdirectory\command\person\AbstractListPersonsForInitialCommand.d" />
    <Compile Include="org\serviio\upnp\service\contentdirectory\command\person\AbstractPersonsRetrievalCommand.d" />
    <Compile Include="org\serviio\upnp\service\contentdirectory\command\person\all.d" />
    <Compile Include="org\serviio\upnp\service\contentdirectory\command\person\ListActorInitialsCommand.d" />
    <Compile Include="org\serviio\upnp\service\contentdirectory\command\person\ListActorsForInitialCommand.d" />
    <Compile Include="org\serviio\upnp\service\contentdirectory\command\person\ListAlbumArtistInitialsCommand.d" />
    <Compile Include="org\serviio\upnp\service\contentdirectory\command\person\ListAlbumArtistsForInitialCommand.d" />
    <Compile Include="org\serviio\upnp\service\contentdirectory\command\person\ListArtistInitialsCommand.d" />
    <Compile Include="org\serviio\upnp\service\contentdirectory\command\person\ListArtistsByNameCommand.d" />
    <Compile Include="org\serviio\upnp\service\contentdirectory\command\person\ListArtistsForInitialCommand.d" />
    <Compile Include="org\serviio\upnp\service\contentdirectory\command\person\ListComposerInitialsCommand.d" />
    <Compile Include="org\serviio\upnp\service\contentdirectory\command\person\ListComposersForInitialCommand.d" />
    <Compile Include="org\serviio\upnp\service\contentdirectory\command\person\ListDirectorInitialsCommand.d" />
    <Compile Include="org\serviio\upnp\service\contentdirectory\command\person\ListDirectorsForInitialCommand.d" />
    <Compile Include="org\serviio\upnp\service\contentdirectory\command\person\ListProducerInitialsCommand.d" />
    <Compile Include="org\serviio\upnp\service\contentdirectory\command\person\ListProducersForInitialCommand.d" />
    <Compile Include="org\serviio\upnp\service\contentdirectory\command\video\AbstractVideosRetrievalCommand.d" />
    <Compile Include="org\serviio\upnp\service\contentdirectory\command\video\all.d" />
    <Compile Include="org\serviio\upnp\service\contentdirectory\command\video\ListEpisodesForSeriesSeasonCommand.d" />
    <Compile Include="org\serviio\upnp\service\contentdirectory\command\video\ListFlatVideoFoldersByNameCommand.d" />
    <Compile Include="org\serviio\upnp\service\contentdirectory\command\video\ListLastAddedVideosCommand.d" />
    <Compile Include="org\serviio\upnp\service\contentdirectory\command\video\ListLastViewedVideosCommand.d" />
    <Compile Include="org\serviio\upnp\service\contentdirectory\command\video\ListMovieVideosByNameCommand.d" />
    <Compile Include="org\serviio\upnp\service\contentdirectory\command\video\ListSeasonsForSeriesCommand.d" />
    <Compile Include="org\serviio\upnp\service\contentdirectory\command\video\ListSeriesByNameCommand.d" />
    <Compile Include="org\serviio\upnp\service\contentdirectory\command\video\ListVideoFoldersByNameCommand.d" />
    <Compile Include="org\serviio\upnp\service\contentdirectory\command\video\ListVideoGenresByNameCommand.d" />
    <Compile Include="org\serviio\upnp\service\contentdirectory\command\video\ListVideoInitialsCommand.d" />
    <Compile Include="org\serviio\upnp\service\contentdirectory\command\video\ListVideoOnlineContentCommand.d" />
    <Compile Include="org\serviio\upnp\service\contentdirectory\command\video\ListVideoPlaylistsCommand.d" />
    <Compile Include="org\serviio\upnp\service\contentdirectory\command\video\ListVideosForActorCommand.d" />
    <Compile Include="org\serviio\upnp\service\contentdirectory\command\video\ListVideosForDirectorCommand.d" />
    <Compile Include="org\serviio\upnp\service\contentdirectory\command\video\ListVideosForFolderCommand.d" />
    <Compile Include="org\serviio\upnp\service\contentdirectory\command\video\ListVideosForGenreCommand.d" />
    <Compile Include="org\serviio\upnp\service\contentdirectory\command\video\ListVideosForInitialCommand.d" />
    <Compile Include="org\serviio\upnp\service\contentdirectory\command\video\ListVideosForPlaylistCommand.d" />
    <Compile Include="org\serviio\upnp\service\contentdirectory\command\video\ListVideosForProducerCommand.d" />
    <Compile Include="org\serviio\upnp\service\contentdirectory\definition\ActionNode.d" />
    <Compile Include="org\serviio\upnp\service\contentdirectory\definition\all.d" />
    <Compile Include="org\serviio\upnp\service\contentdirectory\definition\ContainerNode.d" />
    <Compile Include="org\serviio\upnp\service\contentdirectory\definition\ContainerVisibilityType.d" />
    <Compile Include="org\serviio\upnp\service\contentdirectory\definition\ContentDirectoryDefinitionException.d" />
    <Compile Include="org\serviio\upnp\service\contentdirectory\definition\ContentDirectoryDefinitionFilter.d" />
    <Compile Include="org\serviio\upnp\service\contentdirectory\definition\ContentDirectoryDefinitionParser.d" />
    <Compile Include="org\serviio\upnp\service\contentdirectory\definition\Definition.d" />
    <Compile Include="org\serviio\upnp\service\contentdirectory\definition\DefinitionNode.d" />
    <Compile Include="org\serviio\upnp\service\contentdirectory\definition\SamsungContentDirectoryDefinitionFilter.d" />
    <Compile Include="org\serviio\upnp\service\contentdirectory\definition\StaticContainerNode.d" />
    <Compile Include="org\serviio\upnp\service\contentdirectory\definition\StaticDefinitionNode.d" />
    <Compile Include="org\serviio\upnp\service\contentdirectory\definition\WMPContentDirectoryDefinitionFilter.d" />
    <Compile Include="org\serviio\upnp\service\contentdirectory\definition\XBox360ContentDirectoryDefinitionFilter.d" />
    <Compile Include="org\serviio\upnp\service\contentdirectory\definition\i18n\all.d" />
    <Compile Include="org\serviio\upnp\service\contentdirectory\definition\i18n\BrowsingCategoriesLanguages.d" />
    <Compile Include="org\serviio\upnp\service\contentdirectory\definition\i18n\BrowsingCategoriesMessages.d" />
    <Compile Include="org\serviio\upnp\service\contentdirectory\rest\all.d" />
    <Compile Include="org\serviio\upnp\service\contentdirectory\rest\ContentDirectoryRestletApplication.d" />
    <Compile Include="org\serviio\upnp\service\contentdirectory\rest\representation\all.d" />
    <Compile Include="org\serviio\upnp\service\contentdirectory\rest\representation\ClosingInputRepresentation.d" />
    <Compile Include="org\serviio\upnp\service\contentdirectory\rest\representation\ContentDirectoryRepresentation.d" />
    <Compile Include="org\serviio\upnp\service\contentdirectory\rest\representation\ContentURLRepresentation.d" />
    <Compile Include="org\serviio\upnp\service\contentdirectory\rest\representation\DirectoryObjectRepresentation.d" />
    <Compile Include="org\serviio\upnp\service\contentdirectory\rest\representation\OnlineIdentifierRepresentation.d" />
    <Compile Include="org\serviio\upnp\service\contentdirectory\rest\resources\all.d" />
    <Compile Include="org\serviio\upnp\service\contentdirectory\rest\resources\CDSBrowseResource.d" />
    <Compile Include="org\serviio\upnp\service\contentdirectory\rest\resources\CDSRetrieveMediaResource.d" />
    <Compile Include="org\serviio\upnp\service\contentdirectory\rest\resources\LoginResource.d" />
    <Compile Include="org\serviio\upnp\service\contentdirectory\rest\resources\LogoutResource.d" />
    <Compile Include="org\serviio\upnp\service\contentdirectory\rest\resources\server\AbstractCDSServerResource.d" />
    <Compile Include="org\serviio\upnp\service\contentdirectory\rest\resources\server\AbstractRestrictedCDSServerResource.d" />
    <Compile Include="org\serviio\upnp\service\contentdirectory\rest\resources\server\all.d" />
    <Compile Include="org\serviio\upnp\service\contentdirectory\rest\resources\server\CDSBrowseServerResource.d" />
    <Compile Include="org\serviio\upnp\service\contentdirectory\rest\resources\server\CDSRetrieveMediaServerResource.d" />
    <Compile Include="org\serviio\upnp\service\contentdirectory\rest\resources\server\LoginServerResource.d" />
    <Compile Include="org\serviio\upnp\service\contentdirectory\rest\resources\server\LogoutServerResource.d" />
    <Compile Include="org\serviio\upnp\service\microsoft\all.d" />
    <Compile Include="org\serviio\upnp\service\microsoft\MediaReceiverRegistrar.d" />
    <Compile Include="org\serviio\upnp\webserver\AbstractDescriptionRequestHandler.d" />
    <Compile Include="org\serviio\upnp\webserver\AbstractRequestHandler.d" />
    <Compile Include="org\serviio\upnp\webserver\all.d" />
    <Compile Include="org\serviio\upnp\webserver\DeviceDescriptionRequestHandler.d" />
    <Compile Include="org\serviio\upnp\webserver\HttpRequestHandlerRegexRegistry.d" />
    <Compile Include="org\serviio\upnp\webserver\ResourceTransportRequestHandler.d" />
    <Compile Include="org\serviio\upnp\webserver\ServiceControlRequestHandler.d" />
    <Compile Include="org\serviio\upnp\webserver\ServiceDescriptionRequestHandler.d" />
    <Compile Include="org\serviio\upnp\webserver\ServiceEventSubscriptionRequestHandler.d" />
    <Compile Include="org\serviio\upnp\webserver\ServiioHttpService.d" />
    <Compile Include="org\serviio\upnp\webserver\UPnPIconRequestHandler.d" />
    <Compile Include="org\serviio\upnp\webserver\WebContexts.d" />
    <Compile Include="org\serviio\upnp\webserver\WebServer.d" />
    <Compile Include="org\serviio\util\AES.d" />
    <Compile Include="org\serviio\util\all.d" />
    <Compile Include="org\serviio\util\CaseInsensitiveMap.d" />
    <Compile Include="org\serviio\util\CollectionUtils.d" />
    <Compile Include="org\serviio\util\DateUtils.d" />
    <Compile Include="org\serviio\util\FileUtils.d" />
    <Compile Include="org\serviio\util\HttpClient.d" />
    <Compile Include="org\serviio\util\HttpUtils.d" />
    <Compile Include="org\serviio\util\IcyInputStream.d" />
    <Compile Include="org\serviio\util\ImageUtils.d" />
    <Compile Include="org\serviio\util\JdbcUtils.d" />
    <Compile Include="org\serviio\util\MediaUtils.d" />
    <Compile Include="org\serviio\util\MultiCastUtils.d" />
    <Compile Include="org\serviio\util\NetworkInterfaceComparator.d" />
    <Compile Include="org\serviio\util\NumberUtils.d" />
    <Compile Include="org\serviio\util\ObjectValidator.d" />
    <Compile Include="org\serviio\util\Platform.d" />
    <Compile Include="org\serviio\util\ProcessUtils.d" />
    <Compile Include="org\serviio\util\SecurityUtils.d" />
    <Compile Include="org\serviio\util\ServiioThreadFactory.d" />
    <Compile Include="org\serviio\util\StringComparators.d" />
    <Compile Include="org\serviio\util\StringUtils.d" />
    <Compile Include="org\serviio\util\ThreadExecutor.d" />
    <Compile Include="org\serviio\util\ThreadUtils.d" />
    <Compile Include="org\serviio\util\Tupple.d" />
    <Compile Include="org\serviio\util\UnicodeReader.d" />
    <Compile Include="org\serviio\util\XmlUtils.d" />
    <Compile Include="org\serviio\util\XPathUtil.d" />
    <Compile Include="org\serviio\util\ZipUtils.d" />
    <Compile Include="external\com\google\gson\annotations\SerializedName.d" />
    <Compile Include="external\com\thoughtworks\xstream\XStream.d" />
    <Compile Include="external\com\thoughtworks\xstream\annotations\XStreamAsAttribute.d" />
    <Compile Include="external\com\thoughtworks\xstream\annotations\XStreamConverter.d" />
    <Compile Include="external\com\thoughtworks\xstream\annotations\XStreamImplicit.d" />
    <Compile Include="external\com\thoughtworks\xstream\converters\collections\CollectionConverter.d" />
    <Compile Include="external\com\thoughtworks\xstream\converters\extended\ToAttributedValueConverter.d" />
    <Compile Include="external\com\thoughtworks\xstream\mapper\ClassAliasingMapper.d" />
    <Compile Include="external\freemarker\tmpl\Configuration.d" />
    <Compile Include="external\freemarker\tmpl\DefaultObjectWrapper.d" />
    <Compile Include="external\freemarker\tmpl\Template.d" />
    <Compile Include="external\freemarker\tmpl\TemplateException.d" />
    <Compile Include="external\groovy\lang\GroovyClassLoader.d" />
    <Compile Include="external\groovy\lang\GroovyCodeSource.d" />
    <Compile Include="external\net\padlocksoftware\padlock\license\ImportException.d" />
    <Compile Include="external\net\padlocksoftware\padlock\license\License.d" />
    <Compile Include="external\net\padlocksoftware\padlock\license\LicenseIO.d" />
    <Compile Include="external\net\padlocksoftware\padlock\license\LicenseTest.d" />
    <Compile Include="external\net\padlocksoftware\padlock\license\TestResult.d" />
    <Compile Include="external\net\padlocksoftware\padlock\validator\ValidationParameters.d" />
    <Compile Include="external\net\padlocksoftware\padlock\validator\Validator.d" />
    <Compile Include="external\net\padlocksoftware\padlock\validator\ValidatorException.d" />
    <Compile Include="external\net\padlocksoftware\padlock\validator\ValidatorPlugin.d" />
    <Compile Include="external\org\codehaus\groovy\control\CompilationFailedException.d" />
    <Compile Include="external\org\jaudiotagger\audio\AudioFile.d" />
    <Compile Include="external\org\jaudiotagger\audio\AudioFileIO.d" />
    <Compile Include="external\org\jaudiotagger\audio\AudioHeader.d" />
    <Compile Include="external\org\jaudiotagger\audio\exceptions\CannotReadException.d" />
    <Compile Include="external\org\jaudiotagger\audio\exceptions\InvalidAudioFrameException.d" />
    <Compile Include="external\org\jaudiotagger\audio\exceptions\ReadOnlyFileException.d" />
    <Compile Include="external\org\jaudiotagger\audio\mp3\MP3File.d" />
    <Compile Include="external\org\jaudiotagger\audio\mp4\Mp4AudioHeader.d" />
    <Compile Include="external\org\jaudiotagger\tag\FieldKey.d" />
    <Compile Include="external\org\jaudiotagger\tag\Tag.d" />
    <Compile Include="external\org\jaudiotagger\tag\TagException.d" />
    <Compile Include="external\org\jaudiotagger\tag\datatype\Artwork.d" />
    <Compile Include="external\org\jaudiotagger\tag\flac\FlacTag.d" />
    <Compile Include="external\org\jaudiotagger\tag\id3\AbstractID3v2Tag.d" />
    <Compile Include="external\org\jaudiotagger\tag\id3\ID3v1Tag.d" />
    <Compile Include="external\org\jaudiotagger\tag\reference\GenreTypes.d" />
    <Compile Include="external\org\jaudiotagger\tag\vorbiscomment\VorbisCommentFieldKey.d" />
    <Compile Include="external\org\jaudiotagger\tag\vorbiscomment\VorbisCommentTag.d" />
    <Compile Include="external\org\jaudiotagger\tag\vorbiscomment\util\Base64Coder.d" />
    <Compile Include="external\org\jdom\Attribute.d" />
    <Compile Include="external\org\jdom\Document.d" />
    <Compile Include="external\org\jdom\Element.d" />
    <Compile Include="external\org\jdom\JDOMException.d" />
    <Compile Include="external\org\jdom\Namespace.d" />
    <Compile Include="external\org\jdom\input\SAXBuilder.d" />
    <Compile Include="external\org\jvnet\winp\WinProcess.d" />
    <Compile Include="external\org\restlet\Application.d" />
    <Compile Include="external\org\restlet\Client.d" />
    <Compile Include="external\org\restlet\Component.d" />
    <Compile Include="external\org\restlet\Context.d" />
    <Compile Include="external\org\restlet\Request.d" />
    <Compile Include="external\org\restlet\Response.d" />
    <Compile Include="external\org\restlet\Restlet.d" />
    <Compile Include="external\org\restlet\Server.d" />
    <Compile Include="external\org\restlet\data\CacheDirective.d" />
    <Compile Include="external\org\restlet\data\ChallengeResponse.d" />
    <Compile Include="external\org\restlet\data\ChallengeScheme.d" />
    <Compile Include="external\org\restlet\data\CharacterSet.d" />
    <Compile Include="external\org\restlet\data\ClientInfo.d" />
    <Compile Include="external\org\restlet\data\Cookie.d" />
    <Compile Include="external\org\restlet\data\Encoding.d" />
    <Compile Include="external\org\restlet\data\Form.d" />
    <Compile Include="external\org\restlet\data\MediaType.d" />
    <Compile Include="external\org\restlet\data\Method.d" />
    <Compile Include="external\org\restlet\data\Parameter.d" />
    <Compile Include="external\org\restlet\data\Preference.d" />
    <Compile Include="external\org\restlet\data\Protocol.d" />
    <Compile Include="external\org\restlet\data\Range.d" />
    <Compile Include="external\org\restlet\data\Status.d" />
    <Compile Include="external\org\restlet\engine\Edition.d" />
    <Compile Include="external\org\restlet\engine\Engine.d" />
    <Compile Include="external\org\restlet\engine\converter\ConverterHelper.d" />
    <Compile Include="external\org\restlet\engine\io\BioUtils.d" />
    <Compile Include="external\org\restlet\engine\util\Base64.d" />
    <Compile Include="external\org\restlet\ext\gson\GsonConverter.d" />
    <Compile Include="external\org\restlet\ext\gson\GsonRepresentation.d" />
    <Compile Include="external\org\restlet\ext\xstream\XstreamConverter.d" />
    <Compile Include="external\org\restlet\ext\xstream\XstreamRepresentation.d" />
    <Compile Include="external\org\restlet\representation\EmptyRepresentation.d" />
    <Compile Include="external\org\restlet\representation\InputRepresentation.d" />
    <Compile Include="external\org\restlet\representation\Representation.d" />
    <Compile Include="external\org\restlet\representation\StreamRepresentation.d" />
    <Compile Include="external\org\restlet\resource\Get.d" />
    <Compile Include="external\org\restlet\resource\Post.d" />
    <Compile Include="external\org\restlet\resource\Put.d" />
    <Compile Include="external\org\restlet\resource\ResourceException.d" />
    <Compile Include="external\org\restlet\resource\ServerResource.d" />
    <Compile Include="external\org\restlet\routing\Router.d" />
    <Compile Include="external\org\restlet\service\StatusService.d" />
    <Compile Include="external\org\w3c\dom\Attr.d" />
    <Compile Include="external\org\w3c\dom\Document.d" />
    <Compile Include="external\org\w3c\dom\Element.d" />
    <Compile Include="external\org\w3c\dom\Node.d" />
    <Compile Include="external\org\w3c\dom\NodeList.d" />
    <Compile Include="external\org\xml\sax\InputSource.d" />
    <Compile Include="external\org\xml\sax\SAXException.d" />
    <Compile Include="main.d" />
  </ItemGroup>
  <ItemGroup>
    <None Include="org\serviio\mediabrowser\index.html" />
    <None Include="org\serviio\mediabrowser\css\browser.css" />
    <None Include="org\serviio\mediabrowser\css\jquery-ui-1.8.17.custom.css" />
    <None Include="org\serviio\mediabrowser\css\jquery.qtip.css" />
    <None Include="org\serviio\mediabrowser\css\css_pirobox\style_serviio\bottom_nav.png" />
    <None Include="org\serviio\mediabrowser\css\css_pirobox\style_serviio\caption.png" />
    <None Include="org\serviio\mediabrowser\css\css_pirobox\style_serviio\close.png" />
    <None Include="org\serviio\mediabrowser\css\css_pirobox\style_serviio\close_h.png" />
    <None Include="org\serviio\mediabrowser\css\css_pirobox\style_serviio\cursors.gif" />
    <None Include="org\serviio\mediabrowser\css\css_pirobox\style_serviio\dislarge.png" />
    <None Include="org\serviio\mediabrowser\css\css_pirobox\style_serviio\enlarge.png" />
    <None Include="org\serviio\mediabrowser\css\css_pirobox\style_serviio\loader_nav.png" />
    <None Include="org\serviio\mediabrowser\css\css_pirobox\style_serviio\loadinfo.gif" />
    <None Include="org\serviio\mediabrowser\css\css_pirobox\style_serviio\new_skin.png" />
    <None Include="org\serviio\mediabrowser\css\css_pirobox\style_serviio\new_skin_left.png" />
    <None Include="org\serviio\mediabrowser\css\css_pirobox\style_serviio\new_skin_top.png" />
    <None Include="org\serviio\mediabrowser\css\css_pirobox\style_serviio\next.png" />
    <None Include="org\serviio\mediabrowser\css\css_pirobox\style_serviio\next_fake.png" />
    <None Include="org\serviio\mediabrowser\css\css_pirobox\style_serviio\prev.png" />
    <None Include="org\serviio\mediabrowser\css\css_pirobox\style_serviio\prev_fake.png" />
    <None Include="org\serviio\mediabrowser\css\css_pirobox\style_serviio\style.css" />
    <None Include="org\serviio\mediabrowser\images\audio_placeholder.jpg" />
    <None Include="org\serviio\mediabrowser\images\background-bottom.jpg" />
    <None Include="org\serviio\mediabrowser\images\background-top.png" />
    <None Include="org\serviio\mediabrowser\images\big_logo.png" />
    <None Include="org\serviio\mediabrowser\images\breadcrumb_arrow.png" />
    <None Include="org\serviio\mediabrowser\images\close_button.png" />
    <None Include="org\serviio\mediabrowser\images\favicon.ico" />
    <None Include="org\serviio\mediabrowser\images\home.png" />
    <None Include="org\serviio\mediabrowser\images\image_placeholder.jpg" />
    <None Include="org\serviio\mediabrowser\images\logo.png" />
    <None Include="org\serviio\mediabrowser\images\play_icon_large.png" />
    <None Include="org\serviio\mediabrowser\images\play_icon_small.png" />
    <None Include="org\serviio\mediabrowser\images\scroller-down.png" />
    <None Include="org\serviio\mediabrowser\images\scroller-up.png" />
    <None Include="org\serviio\mediabrowser\images\top_nav.jpg" />
    <None Include="org\serviio\mediabrowser\images\video_placeholder.jpg" />
    <None Include="org\serviio\mediabrowser\images\x.png" />
    <None Include="org\serviio\mediabrowser\js\2.5.3-crypto-sha1-hmac.js" />
    <None Include="org\serviio\mediabrowser\js\date.format.js" />
    <None Include="org\serviio\mediabrowser\js\flowplayer-3.2.8.min.js" />
    <None Include="org\serviio\mediabrowser\js\jquery-1.8.3.min.js" />
    <None Include="org\serviio\mediabrowser\js\jquery-ui-1.9.2.custom.min.js" />
    <None Include="org\serviio\mediabrowser\js\jquery.cookie.js" />
    <None Include="org\serviio\mediabrowser\js\jquery.qtip.js" />
    <None Include="org\serviio\mediabrowser\js\jquery.timer.js" />
    <None Include="org\serviio\mediabrowser\js\jquery.ui.touch-punch.min.js" />
    <None Include="org\serviio\mediabrowser\js\media-browser.js" />
    <None Include="org\serviio\mediabrowser\js\pirobox_extended_feb_2011.js" />
    <None Include="org\serviio\mediabrowser\js\slimScroll.js" />
    <None Include="org\serviio\mediabrowser\swf\flowplayer-3.2.9.swf" />
    <None Include="org\serviio\mediabrowser\swf\flowplayer.audio-3.2.8.swf" />
    <None Include="org\serviio\mediabrowser\swf\flowplayer.bitrateselect-3.2.8.swf" />
    <None Include="org\serviio\mediabrowser\swf\flowplayer.captions-3.2.8.swf" />
    <None Include="org\serviio\mediabrowser\swf\flowplayer.content-3.2.8.swf" />
    <None Include="org\serviio\mediabrowser\swf\flowplayer.controls-3.2.9.swf" />
    <None Include="org\serviio\mediabrowser\swf\flowplayer.menu-3.2.8.swf" />
    <None Include="org\serviio\mediabrowser\swf\flowplayer.serviiostreaming-1.0.10.swf" />
    <None Include="org\serviio\mediabrowser\swf\LICENSE.txt" />
    <None Include="org\serviio\profile\Profiles.xsd" />
    <None Include="org\serviio\upnp\serviio-icon-large.jpg" />
    <None Include="org\serviio\upnp\serviio-icon-large.png" />
    <None Include="org\serviio\upnp\serviio-icon-small.jpg" />
    <None Include="org\serviio\upnp\serviio-icon-small.png" />
    <None Include="org\serviio\upnp\protocol\templates\deviceDescription.ftl" />
    <None Include="org\serviio\upnp\protocol\templates\eventNotification.ftl" />
    <None Include="org\serviio\upnp\protocol\templates\serviceDescription-ConnectionManager.ftl" />
    <None Include="org\serviio\upnp\protocol\templates\serviceDescription-ContentDirectory.ftl" />
    <None Include="org\serviio\upnp\protocol\templates\serviceDescription-MediaReceiverRegistrar.ftl" />
    <None Include="org\serviio\upnp\service\contentdirectory\definition\contentDirectoryDef.xml" />
    <None Include="org\serviio\upnp\service\contentdirectory\definition\ContentDirectoryDef.xsd" />
    <None Include="org\serviio\upnp\service\contentdirectory\definition\i18n\browsingCategories_ar.properties" />
    <None Include="org\serviio\upnp\service\contentdirectory\definition\i18n\browsingCategories_bg.properties" />
    <None Include="org\serviio\upnp\service\contentdirectory\definition\i18n\browsingCategories_ca.properties" />
    <None Include="org\serviio\upnp\service\contentdirectory\definition\i18n\browsingCategories_cs.properties" />
    <None Include="org\serviio\upnp\service\contentdirectory\definition\i18n\browsingCategories_da.properties" />
    <None Include="org\serviio\upnp\service\contentdirectory\definition\i18n\browsingCategories_de.properties" />
    <None Include="org\serviio\upnp\service\contentdirectory\definition\i18n\browsingCategories_el.properties" />
    <None Include="org\serviio\upnp\service\contentdirectory\definition\i18n\browsingCategories_en.properties" />
    <None Include="org\serviio\upnp\service\contentdirectory\definition\i18n\browsingCategories_es-419.properties" />
    <None Include="org\serviio\upnp\service\contentdirectory\definition\i18n\browsingCategories_es.properties" />
    <None Include="org\serviio\upnp\service\contentdirectory\definition\i18n\browsingCategories_et-EE.properties" />
    <None Include="org\serviio\upnp\service\contentdirectory\definition\i18n\browsingCategories_fi.properties" />
    <None Include="org\serviio\upnp\service\contentdirectory\definition\i18n\browsingCategories_fr.properties" />
    <None Include="org\serviio\upnp\service\contentdirectory\definition\i18n\browsingCategories_gsw-CH.properties" />
    <None Include="org\serviio\upnp\service\contentdirectory\definition\i18n\browsingCategories_he.properties" />
    <None Include="org\serviio\upnp\service\contentdirectory\definition\i18n\browsingCategories_hr.properties" />
    <None Include="org\serviio\upnp\service\contentdirectory\definition\i18n\browsingCategories_hu.properties" />
    <None Include="org\serviio\upnp\service\contentdirectory\definition\i18n\browsingCategories_id.properties" />
    <None Include="org\serviio\upnp\service\contentdirectory\definition\i18n\browsingCategories_it.properties" />
    <None Include="org\serviio\upnp\service\contentdirectory\definition\i18n\browsingCategories_ja-JP.properties" />
    <None Include="org\serviio\upnp\service\contentdirectory\definition\i18n\browsingCategories_ko.properties" />
    <None Include="org\serviio\upnp\service\contentdirectory\definition\i18n\browsingCategories_lt.properties" />
    <None Include="org\serviio\upnp\service\contentdirectory\definition\i18n\browsingCategories_lv.properties" />
    <None Include="org\serviio\upnp\service\contentdirectory\definition\i18n\browsingCategories_nl-BE.properties" />
    <None Include="org\serviio\upnp\service\contentdirectory\definition\i18n\browsingCategories_nl.properties" />
    <None Include="org\serviio\upnp\service\contentdirectory\definition\i18n\browsingCategories_no.properties" />
    <None Include="org\serviio\upnp\service\contentdirectory\definition\i18n\browsingCategories_pl.properties" />
    <None Include="org\serviio\upnp\service\contentdirectory\definition\i18n\browsingCategories_pt-BR.properties" />
    <None Include="org\serviio\upnp\service\contentdirectory\definition\i18n\browsingCategories_pt-PT.properties" />
    <None Include="org\serviio\upnp\service\contentdirectory\definition\i18n\browsingCategories_ro.properties" />
    <None Include="org\serviio\upnp\service\contentdirectory\definition\i18n\browsingCategories_ru.properties" />
    <None Include="org\serviio\upnp\service\contentdirectory\definition\i18n\browsingCategories_sk.properties" />
    <None Include="org\serviio\upnp\service\contentdirectory\definition\i18n\browsingCategories_sl.properties" />
    <None Include="org\serviio\upnp\service\contentdirectory\definition\i18n\browsingCategories_sr.properties" />
    <None Include="org\serviio\upnp\service\contentdirectory\definition\i18n\browsingCategories_sv.properties" />
    <None Include="org\serviio\upnp\service\contentdirectory\definition\i18n\browsingCategories_tr.properties" />
    <None Include="org\serviio\upnp\service\contentdirectory\definition\i18n\browsingCategories_uk.properties" />
    <None Include="org\serviio\upnp\service\contentdirectory\definition\i18n\browsingCategories_zh-CN.properties" />
    <None Include="org\serviio\upnp\service\contentdirectory\definition\i18n\browsingCategories_zh-HK.properties" />
  </ItemGroup>
</Project>